{
  "name": "babylonjs-character-navigation",
  "lockfileVersion": 3,
  "requires": true,
  "packages": {
    "": {
      "dependencies": {
        "babylonjs": "^6.4.1",
        "babylonjs-gui": "^6.3.1",
        "babylonjs-loaders": "^6.3.1",
        "babylonjs-materials": "^6.3.1",
        "pepjs": "^0.5.3"
      }
    },
    "node_modules/babylonjs": {
      "version": "6.4.1",
      "resolved": "https://registry.npmjs.org/babylonjs/-/babylonjs-6.4.1.tgz",
      "integrity": "sha512-dM5yURV15DgpzrocRGcBXhVMV0Mg3nrNS9UXMZZ7dbzXgne8LVukxtid3LAUTYK2mdNragoQY0U9KLA8NZKROQ==",
      "hasInstallScript": true
    },
    "node_modules/babylonjs-gltf2interface": {
      "version": "6.3.1",
      "resolved": "https://registry.npmjs.org/babylonjs-gltf2interface/-/babylonjs-gltf2interface-6.3.1.tgz",
      "integrity": "sha512-22LBxAhcIVQvhdj6WDYDitD1aDy+k+hBcFNoisrNr+umyhV9fMx56RJ4HwkDd0yXvhP3D46TL+cv9RX2QmvQ6A=="
    },
    "node_modules/babylonjs-gui": {
      "version": "6.3.1",
      "resolved": "https://registry.npmjs.org/babylonjs-gui/-/babylonjs-gui-6.3.1.tgz",
      "integrity": "sha512-BU/ycc3SwTqnyKI4Wgf0ku1XLQ6GKPnD0+UAsNJYcoyZlxU9JDcIM7HQlqTR42pURAIB2lNNA6EqVTUCm12oxg==",
      "dependencies": {
        "babylonjs": "^6.3.1"
      }
    },
    "node_modules/babylonjs-loaders": {
      "version": "6.3.1",
      "resolved": "https://registry.npmjs.org/babylonjs-loaders/-/babylonjs-loaders-6.3.1.tgz",
      "integrity": "sha512-Ns8vP4CDyw9ctswBedgf3Ifcl5dJwCiFWIyGBB5rUIBwxRl8v2cPwwRiv1ahHxl+n7oZsqs5V3zL+sAiwvqNnQ==",
      "dependencies": {
        "babylonjs": "^6.3.1",
        "babylonjs-gltf2interface": "^6.3.1"
      }
    },
    "node_modules/babylonjs-materials": {
      "version": "6.3.1",
      "resolved": "https://registry.npmjs.org/babylonjs-materials/-/babylonjs-materials-6.3.1.tgz",
      "integrity": "sha512-QiFyvO+n7kNdJeEqRGtn0/NeTH7THhO6+6FR44EicfyKc5B7MkQzHJTeUN9NqNaLSBFePyhtqDeiYiALJvwwBQ==",
      "dependencies": {
        "babylonjs": "^6.3.1"
      }
    },
    "node_modules/pepjs": {
      "version": "0.5.3",
      "resolved": "https://registry.npmjs.org/pepjs/-/pepjs-0.5.3.tgz",
      "integrity": "sha512-5yHVB9OHqKd9fr/OIsn8ss0NgThQ9buaqrEuwr9Or5YjPp6h+WTDKWZI+xZLaBGZCtODTnFtlSHNmhFsq67THg=="
    }
  }
}
